{
  "name": "@hrgui/chromecast-sender-emulator",
  "version": "1.0.0",
  "lockfileVersion": 3,
  "requires": true,
  "packages": {
    "": {
      "name": "@hrgui/chromecast-sender-emulator",
      "version": "1.0.0",
      "license": "MIT",
      "dependencies": {
        "deepmerge": "^4.3.1"
      },
      "devDependencies": {
        "@types/chromecast-caf-receiver": "^6.0.10",
        "@types/chromecast-caf-sender": "^1.0.6",
        "@types/node": "^20.6.3",
        "@types/ws": "^8.5.5",
        "chalk": "^5.3.0",
        "typescript": "^5.2.2",
        "ws": "^8.14.2"
      }
    },
    "node_modules/@types/chrome": {
      "version": "0.0.246",
      "resolved": "https://registry.npmjs.org/@types/chrome/-/chrome-0.0.246.tgz",
      "integrity": "sha512-MxGxEomGxsJiL9xe/7ZwVgwdn8XVKWbPvxpVQl3nWOjrS0Ce63JsfzxUc4aU3GvRcUPYsfufHmJ17BFyKxeA4g==",
      "dev": true,
      "dependencies": {
        "@types/filesystem": "*",
        "@types/har-format": "*"
      }
    },
    "node_modules/@types/chromecast-caf-receiver": {
      "version": "6.0.10",
      "resolved": "https://registry.npmjs.org/@types/chromecast-caf-receiver/-/chromecast-caf-receiver-6.0.10.tgz",
      "integrity": "sha512-MaM4DisEr8pD9Mvt4nxag9Ff7v95dRYklxRdCEduxTx5djSgSFf/+zg7kORevB36YDE2yDoCB89Q1cPwhmS7mA==",
      "dev": true
    },
    "node_modules/@types/chromecast-caf-sender": {
      "version": "1.0.6",
      "resolved": "https://registry.npmjs.org/@types/chromecast-caf-sender/-/chromecast-caf-sender-1.0.6.tgz",
      "integrity": "sha512-0D5uA7Ijlr8OCcMM565ArAC+y86u09Q51FBxqa46ucuheeBW56Q2oqV28Q1goxm7eD4/eCRTOQlHZU+IP+1T7Q==",
      "dev": true,
      "dependencies": {
        "@types/chrome": "*"
      }
    },
    "node_modules/@types/filesystem": {
      "version": "0.0.33",
      "resolved": "https://registry.npmjs.org/@types/filesystem/-/filesystem-0.0.33.tgz",
      "integrity": "sha512-2KedRPzwu2K528vFkoXnnWdsG0MtUwPjuA7pRy4vKxlxHEe8qUDZibYHXJKZZr2Cl/ELdCWYqyb/MKwsUuzBWw==",
      "dev": true,
      "dependencies": {
        "@types/filewriter": "*"
      }
    },
    "node_modules/@types/filewriter": {
      "version": "0.0.30",
      "resolved": "https://registry.npmjs.org/@types/filewriter/-/filewriter-0.0.30.tgz",
      "integrity": "sha512-lB98tui0uxc7erbj0serZfJlHKLNJHwBltPnbmO1WRpL5T325GOHRiQfr2E29V2q+S1brDO63Fpdt6vb3bES9Q==",
      "dev": true
    },
    "node_modules/@types/har-format": {
      "version": "1.2.13",
      "resolved": "https://registry.npmjs.org/@types/har-format/-/har-format-1.2.13.tgz",
      "integrity": "sha512-PwBsCBD3lDODn4xpje3Y1di0aDJp4Ww7aSfMRVw6ysnxD4I7Wmq2mBkSKaDtN403hqH5sp6c9xQUvFYY3+lkBg==",
      "dev": true
    },
    "node_modules/@types/node": {
      "version": "20.6.3",
      "resolved": "https://registry.npmjs.org/@types/node/-/node-20.6.3.tgz",
      "integrity": "sha512-HksnYH4Ljr4VQgEy2lTStbCKv/P590tmPe5HqOnv9Gprffgv5WXAY+Y5Gqniu0GGqeTCUdBnzC3QSrzPkBkAMA==",
      "dev": true
    },
    "node_modules/@types/ws": {
      "version": "8.5.5",
      "resolved": "https://registry.npmjs.org/@types/ws/-/ws-8.5.5.tgz",
      "integrity": "sha512-lwhs8hktwxSjf9UaZ9tG5M03PGogvFaH8gUgLNbN9HKIg0dvv6q+gkSuJ8HN4/VbyxkuLzCjlN7GquQ0gUJfIg==",
      "dev": true,
      "dependencies": {
        "@types/node": "*"
      }
    },
    "node_modules/chalk": {
      "version": "5.3.0",
      "resolved": "https://registry.npmjs.org/chalk/-/chalk-5.3.0.tgz",
      "integrity": "sha512-dLitG79d+GV1Nb/VYcCDFivJeK1hiukt9QjRNVOsUtTy1rR1YJsmpGGTZ3qJos+uw7WmWF4wUwBd9jxjocFC2w==",
      "dev": true,
      "engines": {
        "node": "^12.17.0 || ^14.13 || >=16.0.0"
      },
      "funding": {
        "url": "https://github.com/chalk/chalk?sponsor=1"
      }
    },
    "node_modules/deepmerge": {
      "version": "4.3.1",
      "resolved": "https://registry.npmjs.org/deepmerge/-/deepmerge-4.3.1.tgz",
      "integrity": "sha512-3sUqbMEc77XqpdNO7FRyRog+eW3ph+GYCbj+rK+uYyRMuwsVy0rMiVtPn+QJlKFvWP/1PYpapqYn0Me2knFn+A==",
      "engines": {
        "node": ">=0.10.0"
      }
    },
    "node_modules/typescript": {
      "version": "5.2.2",
      "resolved": "https://registry.npmjs.org/typescript/-/typescript-5.2.2.tgz",
      "integrity": "sha512-mI4WrpHsbCIcwT9cF4FZvr80QUeKvsUsUvKDoR+X/7XHQH98xYD8YHZg7ANtz2GtZt/CBq2QJ0thkGJMHfqc1w==",
      "dev": true,
      "bin": {
        "tsc": "bin/tsc",
        "tsserver": "bin/tsserver"
      },
      "engines": {
        "node": ">=14.17"
      }
    },
    "node_modules/ws": {
      "version": "8.14.2",
      "resolved": "https://registry.npmjs.org/ws/-/ws-8.14.2.tgz",
      "integrity": "sha512-wEBG1ftX4jcglPxgFCMJmZ2PLtSbJ2Peg6TmpJFTbe9GZYOQCDPdMYu/Tm0/bGZkw8paZnJY45J4K2PZrLYq8g==",
      "dev": true,
      "engines": {
        "node": ">=10.0.0"
      },
      "peerDependencies": {
        "bufferutil": "^4.0.1",
        "utf-8-validate": ">=5.0.2"
      },
      "peerDependenciesMeta": {
        "bufferutil": {
          "optional": true
        },
        "utf-8-validate": {
          "optional": true
        }
      }
    }
  }
}
